// !$*UTF8*$!
{
	archiveVersion = 1;
	classes = {
	};
	objectVersion = 46;
	objects = {

/* Begin PBXBuildFile section */
		C03BDA131A30F57500BC3762 /* main.m in Sources */ = {isa = PBXBuildFile; fileRef = C03BDA121A30F57500BC3762 /* main.m */; };
		C03BDA161A30F57500BC3762 /* AppDelegate.m in Sources */ = {isa = PBXBuildFile; fileRef = C03BDA151A30F57500BC3762 /* AppDelegate.m */; };
		C03BDA1C1A30F57500BC3762 /* Main.storyboard in Resources */ = {isa = PBXBuildFile; fileRef = C03BDA1A1A30F57500BC3762 /* Main.storyboard */; };
		C03BDA1E1A30F57500BC3762 /* Images.xcassets in Resources */ = {isa = PBXBuildFile; fileRef = C03BDA1D1A30F57500BC3762 /* Images.xcassets */; };
		C03BDA211A30F57500BC3762 /* LaunchScreen.xib in Resources */ = {isa = PBXBuildFile; fileRef = C03BDA1F1A30F57500BC3762 /* LaunchScreen.xib */; };
		C03BDA2D1A30F57500BC3762 /* UITableViewController_ChallengeTests.m in Sources */ = {isa = PBXBuildFile; fileRef = C03BDA2C1A30F57500BC3762 /* UITableViewController_ChallengeTests.m */; };
		C03BDA381A30F6EA00BC3762 /* TableViewController.m in Sources */ = {isa = PBXBuildFile; fileRef = C03BDA371A30F6EA00BC3762 /* TableViewController.m */; };
/* End PBXBuildFile section */

/* Begin PBXContainerItemProxy section */
		C03BDA271A30F57500BC3762 /* PBXContainerItemProxy */ = {
			isa = PBXContainerItemProxy;
			containerPortal = C03BDA051A30F57300BC3762 /* Project object */;
			proxyType = 1;
			remoteGlobalIDString = C03BDA0C1A30F57400BC3762;
			remoteInfo = "UITableViewController Challenge";
		};
/* End PBXContainerItemProxy section */

/* Begin PBXFileReference section */
		C03BDA0D1A30F57400BC3762 /* UITableViewController Challenge.app */ = {isa = PBXFileReference; explicitFileType = wrapper.application; includeInIndex = 0; path = "UITableViewController Challenge.app"; sourceTree = BUILT_PRODUCTS_DIR; };
		C03BDA111A30F57400BC3762 /* Info.plist */ = {isa = PBXFileReference; lastKnownFileType = text.plist.xml; path = Info.plist; sourceTree = "<group>"; };
		C03BDA121A30F57500BC3762 /* main.m */ = {isa = PBXFileReference; lastKnownFileType = sourcecode.c.objc; path = main.m; sourceTree = "<group>"; };
		C03BDA141A30F57500BC3762 /* AppDelegate.h */ = {isa = PBXFileReference; lastKnownFileType = sourcecode.c.h; path = AppDelegate.h; sourceTree = "<group>"; };
		C03BDA151A30F57500BC3762 /* AppDelegate.m */ = {isa = PBXFileReference; lastKnownFileType = sourcecode.c.objc; path = AppDelegate.m; sourceTree = "<group>"; };
		C03BDA1B1A30F57500BC3762 /* Base */ = {isa = PBXFileReference; lastKnownFileType = file.storyboard; name = Base; path = Base.lproj/Main.storyboard; sourceTree = "<group>"; };
		C03BDA1D1A30F57500BC3762 /* Images.xcassets */ = {isa = PBXFileReference; lastKnownFileType = folder.assetcatalog; path = Images.xcassets; sourceTree = "<group>"; };
		C03BDA201A30F57500BC3762 /* Base */ = {isa = PBXFileReference; lastKnownFileType = file.xib; name = Base; path = Base.lproj/LaunchScreen.xib; sourceTree = "<group>"; };
		C03BDA261A30F57500BC3762 /* UITableViewController ChallengeTests.xctest */ = {isa = PBXFileReference; explicitFileType = wrapper.cfbundle; includeInIndex = 0; path = "UITableViewController ChallengeTests.xctest"; sourceTree = BUILT_PRODUCTS_DIR; };
		C03BDA2B1A30F57500BC3762 /* Info.plist */ = {isa = PBXFileReference; lastKnownFileType = text.plist.xml; path = Info.plist; sourceTree = "<group>"; };
		C03BDA2C1A30F57500BC3762 /* UITableViewController_ChallengeTests.m */ = {isa = PBXFileReference; lastKnownFileType = sourcecode.c.objc; path = UITableViewController_ChallengeTests.m; sourceTree = "<group>"; };
		C03BDA361A30F6EA00BC3762 /* TableViewController.h */ = {isa = PBXFileReference; fileEncoding = 4; lastKnownFileType = sourcecode.c.h; path = TableViewController.h; sourceTree = "<group>"; };
		C03BDA371A30F6EA00BC3762 /* TableViewController.m */ = {isa = PBXFileReference; fileEncoding = 4; lastKnownFileType = sourcecode.c.objc; path = TableViewController.m; sourceTree = "<group>"; };
/* End PBXFileReference section */

/* Begin PBXFrameworksBuildPhase section */
		C03BDA0A1A30F57400BC3762 /* Frameworks */ = {
			isa = PBXFrameworksBuildPhase;
			buildActionMask = 2147483647;
			files = (
			);
			runOnlyForDeploymentPostprocessing = 0;
		};
		C03BDA231A30F57500BC3762 /* Frameworks */ = {
			isa = PBXFrameworksBuildPhase;
			buildActionMask = 2147483647;
			files = (
			);
			runOnlyForDeploymentPostprocessing = 0;
		};
/* End PBXFrameworksBuildPhase section */

/* Begin PBXGroup section */
		C03BDA041A30F57300BC3762 = {
			isa = PBXGroup;
			children = (
				C03BDA0F1A30F57400BC3762 /* UITableViewController Challenge */,
				C03BDA291A30F57500BC3762 /* UITableViewController ChallengeTests */,
				C03BDA0E1A30F57400BC3762 /* Products */,
			);
			sourceTree = "<group>";
		};
		C03BDA0E1A30F57400BC3762 /* Products */ = {
			isa = PBXGroup;
			children = (
				C03BDA0D1A30F57400BC3762 /* UITableViewController Challenge.app */,
				C03BDA261A30F57500BC3762 /* UITableViewController ChallengeTests.xctest */,
			);
			name = Products;
			sourceTree = "<group>";
		};
		C03BDA0F1A30F57400BC3762 /* UITableViewController Challenge */ = {
			isa = PBXGroup;
			children = (
				C03BDA141A30F57500BC3762 /* AppDelegate.h */,
				C03BDA151A30F57500BC3762 /* AppDelegate.m */,
				C03BDA1A1A30F57500BC3762 /* Main.storyboard */,
				C03BDA361A30F6EA00BC3762 /* TableViewController.h */,
				C03BDA371A30F6EA00BC3762 /* TableViewController.m */,
				C03BDA1D1A30F57500BC3762 /* Images.xcassets */,
				C03BDA1F1A30F57500BC3762 /* LaunchScreen.xib */,
				C03BDA101A30F57400BC3762 /* Supporting Files */,
			);
			path = "UITableViewController Challenge";
			sourceTree = "<group>";
		};
		C03BDA101A30F57400BC3762 /* Supporting Files */ = {
			isa = PBXGroup;
			children = (
				C03BDA111A30F57400BC3762 /* Info.plist */,
				C03BDA121A30F57500BC3762 /* main.m */,
			);
			name = "Supporting Files";
			sourceTree = "<group>";
		};
		C03BDA291A30F57500BC3762 /* UITableViewController ChallengeTests */ = {
			isa = PBXGroup;
			children = (
				C03BDA2C1A30F57500BC3762 /* UITableViewController_ChallengeTests.m */,
				C03BDA2A1A30F57500BC3762 /* Supporting Files */,
			);
			path = "UITableViewController ChallengeTests";
			sourceTree = "<group>";
		};
		C03BDA2A1A30F57500BC3762 /* Supporting Files */ = {
			isa = PBXGroup;
			children = (
				C03BDA2B1A30F57500BC3762 /* Info.plist */,
			);
			name = "Supporting Files";
			sourceTree = "<group>";
		};
/* End PBXGroup section */

/* Begin PBXNativeTarget section */
		C03BDA0C1A30F57400BC3762 /* UITableViewController Challenge */ = {
			isa = PBXNativeTarget;
			buildConfigurationList = C03BDA301A30F57500BC3762 /* Build configuration list for PBXNativeTarget "UITableViewController Challenge" */;
			buildPhases = (
				C03BDA091A30F57400BC3762 /* Sources */,
				C03BDA0A1A30F57400BC3762 /* Frameworks */,
				C03BDA0B1A30F57400BC3762 /* Resources */,
			);
			buildRules = (
			);
			dependencies = (
			);
			name = "UITableViewController Challenge";
			productName = "UITableViewController Challenge";
			productReference = C03BDA0D1A30F57400BC3762 /* UITableViewController Challenge.app */;
			productType = "com.apple.product-type.application";
		};
		C03BDA251A30F57500BC3762 /* UITableViewController ChallengeTests */ = {
			isa = PBXNativeTarget;
			buildConfigurationList = C03BDA331A30F57500BC3762 /* Build configuration list for PBXNativeTarget "UITableViewController ChallengeTests" */;
			buildPhases = (
				C03BDA221A30F57500BC3762 /* Sources */,
				C03BDA231A30F57500BC3762 /* Frameworks */,
				C03BDA241A30F57500BC3762 /* Resources */,
			);
			buildRules = (
			);
			dependencies = (
				C03BDA281A30F57500BC3762 /* PBXTargetDependency */,
			);
			name = "UITableViewController ChallengeTests";
			productName = "UITableViewController ChallengeTests";
			productReference = C03BDA261A30F57500BC3762 /* UITableViewController ChallengeTests.xctest */;
			productType = "com.apple.product-type.bundle.unit-test";
		};
/* End PBXNativeTarget section */

/* Begin PBXProject section */
		C03BDA051A30F57300BC3762 /* Project object */ = {
			isa = PBXProject;
			attributes = {
				LastUpgradeCheck = 0610;
				ORGANIZATIONNAME = "Joan Busquet";
				TargetAttributes = {
					C03BDA0C1A30F57400BC3762 = {
						CreatedOnToolsVersion = 6.1;
					};
					C03BDA251A30F57500BC3762 = {
						CreatedOnToolsVersion = 6.1;
						TestTargetID = C03BDA0C1A30F57400BC3762;
					};
				};
			};
			buildConfigurationList = C03BDA081A30F57300BC3762 /* Build configuration list for PBXProject "UITableViewController Challenge" */;
			compatibilityVersion = "Xcode 3.2";
			developmentRegion = English;
			hasScannedForEncodings = 0;
			knownRegions = (
				en,
				Base,
			);
			mainGroup = C03BDA041A30F57300BC3762;
			productRefGroup = C03BDA0E1A30F57400BC3762 /* Products */;
			projectDirPath = "";
			projectRoot = "";
			targets = (
				C03BDA0C1A30F57400BC3762 /* UITableViewController Challenge */,
				C03BDA251A30F57500BC3762 /* UITableViewController ChallengeTests */,
			);
		};
/* End PBXProject section */

/* Begin PBXResourcesBuildPhase section */
		C03BDA0B1A30F57400BC3762 /* Resources */ = {
			isa = PBXResourcesBuildPhase;
			buildActionMask = 2147483647;
			files = (
				C03BDA1C1A30F57500BC3762 /* Main.storyboard in Resources */,
				C03BDA211A30F57500BC3762 /* LaunchScreen.xib in Resources */,
				C03BDA1E1A30F57500BC3762 /* Images.xcassets in Resources */,
			);
			runOnlyForDeploymentPostprocessing = 0;
		};
		C03BDA241A30F57500BC3762 /* Resources */ = {
			isa = PBXResourcesBuildPhase;
			buildActionMask = 2147483647;
			files = (
			);
			runOnlyForDeploymentPostprocessing = 0;
		};
/* End PBXResourcesBuildPhase section */

/* Begin PBXSourcesBuildPhase section */
		C03BDA091A30F57400BC3762 /* Sources */ = {
			isa = PBXSourcesBuildPhase;
			buildActionMask = 2147483647;
			files = (
				C03BDA161A30F57500BC3762 /* AppDelegate.m in Sources */,
				C03BDA381A30F6EA00BC3762 /* TableViewController.m in Sources */,
				C03BDA131A30F57500BC3762 /* main.m in Sources */,
			);
			runOnlyForDeploymentPostprocessing = 0;
		};
		C03BDA221A30F57500BC3762 /* Sources */ = {
			isa = PBXSourcesBuildPhase;
			buildActionMask = 2147483647;
			files = (
				C03BDA2D1A30F57500BC3762 /* UITableViewController_ChallengeTests.m in Sources */,
			);
			runOnlyForDeploymentPostprocessing = 0;
		};
/* End PBXSourcesBuildPhase section */

/* Begin PBXTargetDependency section */
		C03BDA281A30F57500BC3762 /* PBXTargetDependency */ = {
			isa = PBXTargetDependency;
			target = C03BDA0C1A30F57400BC3762 /* UITableViewController Challenge */;
			targetProxy = C03BDA271A30F57500BC3762 /* PBXContainerItemProxy */;
		};
/* End PBXTargetDependency section */

/* Begin PBXVariantGroup section */
		C03BDA1A1A30F57500BC3762 /* Main.storyboard */ = {
			isa = PBXVariantGroup;
			children = (
				C03BDA1B1A30F57500BC3762 /* Base */,
			);
			name = Main.storyboard;
			sourceTree = "<group>";
		};
		C03BDA1F1A30F57500BC3762 /* LaunchScreen.xib */ = {
			isa = PBXVariantGroup;
			children = (
				C03BDA201A30F57500BC3762 /* Base */,
			);
			name = LaunchScreen.xib;
			sourceTree = "<group>";
		};
/* End PBXVariantGroup section */

/* Begin XCBuildConfiguration section */
		C03BDA2E1A30F57500BC3762 /* Debug */ = {
			isa = XCBuildConfiguration;
			buildSettings = {
				ALWAYS_SEARCH_USER_PATHS = NO;
				CLANG_CXX_LANGUAGE_STANDARD = "gnu++0x";
				CLANG_CXX_LIBRARY = "libc++";
				CLANG_ENABLE_MODULES = YES;
				CLANG_ENABLE_OBJC_ARC = YES;
				CLANG_WARN_BOOL_CONVERSION = YES;
				CLANG_WARN_CONSTANT_CONVERSION = YES;
				CLANG_WARN_DIRECT_OBJC_ISA_USAGE = YES_ERROR;
				CLANG_WARN_EMPTY_BODY = YES;
				CLANG_WARN_ENUM_CONVERSION = YES;
				CLANG_WARN_INT_CONVERSION = YES;
				CLANG_WARN_OBJC_ROOT_CLASS = YES_ERROR;
				CLANG_WARN_UNREACHABLE_CODE = YES;
				CLANG_WARN__DUPLICATE_METHOD_MATCH = YES;
				"CODE_SIGN_IDENTITY[sdk=iphoneos*]" = "iPhone Developer";
				COPY_PHASE_STRIP = NO;
				ENABLE_STRICT_OBJC_MSGSEND = YES;
				GCC_C_LANGUAGE_STANDARD = gnu99;
				GCC_DYNAMIC_NO_PIC = NO;
				GCC_OPTIMIZATION_LEVEL = 0;
				GCC_PREPROCESSOR_DEFINITIONS = (
					"DEBUG=1",
					"$(inherited)",
				);
				GCC_SYMBOLS_PRIVATE_EXTERN = NO;
				GCC_WARN_64_TO_32_BIT_CONVERSION = YES;
				GCC_WARN_ABOUT_RETURN_TYPE = YES_ERROR;
				GCC_WARN_UNDECLARED_SELECTOR = YES;
				GCC_WARN_UNINITIALIZED_AUTOS = YES_AGGRESSIVE;
				GCC_WARN_UNUSED_FUNCTION = YES;
				GCC_WARN_UNUSED_VARIABLE = YES;
				IPHONEOS_DEPLOYMENT_TARGET = 8.1;
				MTL_ENABLE_DEBUG_INFO = YES;
				ONLY_ACTIVE_ARCH = YES;
				SDKROOT = iphoneos;
			};
			name = Debug;
		};
		C03BDA2F1A30F57500BC3762 /* Release */ = {
			isa = XCBuildConfiguration;
			buildSettings = {
				ALWAYS_SEARCH_USER_PATHS = NO;
				CLANG_CXX_LANGUAGE_STANDARD = "gnu++0x";
				CLANG_CXX_LIBRARY = "libc++";
				CLANG_ENABLE_MODULES = YES;
				CLANG_ENABLE_OBJC_ARC = YES;
				CLANG_WARN_BOOL_CONVERSION = YES;
				CLANG_WARN_CONSTANT_CONVERSION = YES;
				CLANG_WARN_DIRECT_OBJC_ISA_USAGE = YES_ERROR;
				CLANG_WARN_EMPTY_BODY = YES;
				CLANG_WARN_ENUM_CONVERSION = YES;
				CLANG_WARN_INT_CONVERSION = YES;
				CLANG_WARN_OBJC_ROOT_CLASS = YES_ERROR;
				CLANG_WARN_UNREACHABLE_CODE = YES;
				CLANG_WARN__DUPLICATE_METHOD_MATCH = YES;
				"CODE_SIGN_IDENTITY[sdk=iphoneos*]" = "iPhone Developer";
				COPY_PHASE_STRIP = YES;
				ENABLE_NS_ASSERTIONS = NO;
				ENABLE_STRICT_OBJC_MSGSEND = YES;
				GCC_C_LANGUAGE_STANDARD = gnu99;
				GCC_WARN_64_TO_32_BIT_CONVERSION = YES;
				GCC_WARN_ABOUT_RETURN_TYPE = YES_ERROR;
				GCC_WARN_UNDECLARED_SELECTOR = YES;
				GCC_WARN_UNINITIALIZED_AUTOS = YES_AGGRESSIVE;
				GCC_WARN_UNUSED_FUNCTION = YES;
				GCC_WARN_UNUSED_VARIABLE = YES;
				IPHONEOS_DEPLOYMENT_TARGET = 8.1;
				MTL_ENABLE_DEBUG_INFO = NO;
				SDKROOT = iphoneos;
				VALIDATE_PRODUCT = YES;
			};
			name = Release;
		};
		C03BDA311A30F57500BC3762 /* Debug */ = {
			isa = XCBuildConfiguration;
			buildSettings = {
				ASSETCATALOG_COMPILER_APPICON_NAME = AppIcon;
				INFOPLIST_FILE = "UITableViewController Challenge/Info.plist";
				LD_RUNPATH_SEARCH_PATHS = "$(inherited) @executable_path/Frameworks";
				PRODUCT_NAME = "$(TARGET_NAME)";
			};
			name = Debug;
		};
		C03BDA321A30F57500BC3762 /* Release */ = {
			isa = XCBuildConfiguration;
			buildSettings = {
				ASSETCATALOG_COMPILER_APPICON_NAME = AppIcon;
				INFOPLIST_FILE = "UITableViewController Challenge/Info.plist";
				LD_RUNPATH_SEARCH_PATHS = "$(inherited) @executable_path/Frameworks";
				PRODUCT_NAME = "$(TARGET_NAME)";
			};
			name = Release;
		};
		C03BDA341A30F57500BC3762 /* Debug */ = {
			isa = XCBuildConfiguration;
			buildSettings = {
				BUNDLE_LOADER = "$(TEST_HOST)";
				FRAMEWORK_SEARCH_PATHS = (
					"$(SDKROOT)/Developer/Library/Frameworks",
					"$(inherited)",
				);
				GCC_PREPROCESSOR_DEFINITIONS = (
					"DEBUG=1",
					"$(inherited)",
				);
				INFOPLIST_FILE = "UITableViewController ChallengeTests/Info.plist";
				LD_RUNPATH_SEARCH_PATHS = "$(inherited) @executable_path/Frameworks @loader_path/Frameworks";
				PRODUCT_NAME = "$(TARGET_NAME)";
				TEST_HOST = "$(BUILT_PRODUCTS_DIR)/UITableViewController Challenge.app/UITableViewController Challenge";
			};
			name = Debug;
		};
		C03BDA351A30F57500BC3762 /* Release */ = {
			isa = XCBuildConfiguration;
			buildSettings = {
				BUNDLE_LOADER = "$(TEST_HOST)";
				FRAMEWORK_SEARCH_PATHS = (
					"$(SDKROOT)/Developer/Library/Frameworks",
					"$(inherited)",
				);
				INFOPLIST_FILE = "UITableViewController ChallengeTests/Info.plist";
				LD_RUNPATH_SEARCH_PATHS = "$(inherited) @executable_path/Frameworks @loader_path/Frameworks";
				PRODUCT_NAME = "$(TARGET_NAME)";
				TEST_HOST = "$(BUILT_PRODUCTS_DIR)/UITableViewController Challenge.app/UITableViewController Challenge";
			};
			name = Release;
		};
/* End XCBuildConfiguration section */

/* Begin XCConfigurationList section */
		C03BDA081A30F57300BC3762 /* Build configuration list for PBXProject "UITableViewController Challenge" */ = {
			isa = XCConfigurationList;
			buildConfigurations = (
				C03BDA2E1A30F57500BC3762 /* Debug */,
				C03BDA2F1A30F57500BC3762 /* Release */,
			);
			defaultConfigurationIsVisible = 0;
			defaultConfigurationName = Release;
		};
		C03BDA301A30F57500BC3762 /* Build configuration list for PBXNativeTarget "UITableViewController Challenge" */ = {
			isa = XCConfigurationList;
			buildConfigurations = (
				C03BDA311A30F57500BC3762 /* Debug */,
				C03BDA321A30F57500BC3762 /* Release */,
			);
			defaultConfigurationIsVisible = 0;
		};
		C03BDA331A30F57500BC3762 /* Build configuration list for PBXNativeTarget "UITableViewController ChallengeTests" */ = {
			isa = XCConfigurationList;
			buildConfigurations = (
				C03BDA341A30F57500BC3762 /* Debug */,
				C03BDA351A30F57500BC3762 /* Release */,
			);
			defaultConfigurationIsVisible = 0;
		};
/* End XCConfigurationList section */
	};
	rootObject = C03BDA051A30F57300BC3762 /* Project object */;
}
